{
  "version": 4,
  "terraform_version": "1.15.8",
  "serial": 12,
  "lineage": "6ced16b1-ef0d-3df1-7835-5f7d2b8163d6",
  "outputs": {
    "instance_ip": {
      "value": "136.114.255.197",
      "type": "string"
    },
    "instance_name": {
      "value": "hackerrank-prod-server",
      "type": "string"
    },
    "ssh_command": {
      "value": "gcloud compute ssh hackerrank-prod-server --zone=us-central1-a --project=gen-lang-client-0103323510",
      "type": "string"
    }
  },
  "resources": [
    {
      "mode": "managed",
      "type": "google_compute_firewall",
      "name": "allow_app_traffic",
      "provider": "provider[\"registry.terraform.io/hashicorp/google\"]",
      "instances": [
        {
          "schema_version": 1,
          "attributes": {
            "allow": [
              {
                "ports": [
                  "80",
                  "443",
                  "3000"
                ],
                "protocol": "tcp"
              }
            ],
            "creation_timestamp": "2026-08-23T10:41:15.098-07:00",
            "deny": [],
            "description": "",
            "destination_ranges": [],
            "direction": "INGRESS",
            "disabled": false,
            "enable_logging": null,
            "id": "projects/gen-lang-client-0103323510/global/firewalls/hackerrank-prod-server-allow-app",
            "log_config": [],
            "name": "hackerrank-prod-server-allow-app",
            "network": "https://www.googleapis.com/compute/v1/projects/gen-lang-client-0103323510/global/networks/default",
            "priority": 1000,
            "project": "gen-lang-client-0103323510",
            "self_link": "https://www.googleapis.com/compute/v1/projects/gen-lang-client-0103323510/global/firewalls/hackerrank-prod-server-allow-app",
            "source_ranges": [
              "0.0.0.0/0"
            ],
            "source_service_accounts": [],
            "source_tags": [],
            "target_service_accounts": [],
            "target_tags": [
              "http-server",
              "https-server",
              "nodejs-app"
            ],
            "timeouts": null
          },
          "sensitive_attributes": [],
          "identity_schema_version": 0,
          "private": "eyJlMmJmYjczMC1lY2FhLTExZTYtOGY4OC0zNDM2M2JjN2M0YzAiOnsiY3JlYXRlIjoxMjAwMDAwMDAwMDAwLCJkZWxldGUiOjEyMDAwMDAwMDAwMDAsInVwZGF0ZSI6MTIwMDAwMDAwMDAwMH0sInNjaGVtYV92ZXJzaW9uIjoiMSJ9"
        }
      ]
    },
    {
      "mode": "managed",
      "type": "google_compute_instance",
      "name": "cheapest_server",
      "provider": "provider[\"registry.terraform.io/hashicorp/google\"]",
      "instances": [
        {
          "schema_version": 6,
          "attributes": {
            "advanced_machine_features": [],
            "allow_stopping_for_update": null,
            "attached_disk": [],
            "boot_disk": [
              {
                "auto_delete": true,
                "device_name": "persistent-disk-0",
                "disk_encryption_key_raw": "",
                "disk_encryption_key_sha256": "",
                "initialize_params": [
                  {
                    "enable_confidential_compute": false,
                    "image": "https://www.googleapis.com/compute/v1/projects/debian-cloud/global/images/debian-12-bookworm-v20260817",
                    "labels": {},
                    "provisioned_iops": 0,
                    "provisioned_throughput": 0,
                    "resource_manager_tags": null,
                    "size": 10,
                    "storage_pool": "",
                    "type": "pd-standard"
                  }
                ],
                "kms_key_self_link": "",
                "mode": "READ_WRITE",
                "source": "https://www.googleapis.com/compute/v1/projects/gen-lang-client-0103323510/zones/us-central1-a/disks/hackerrank-prod-server"
              }
            ],
            "can_ip_forward": false,
            "confidential_instance_config": [],
            "cpu_platform": "Intel Haswell",
            "current_status": "RUNNING",
            "deletion_protection": false,
            "description": "",
            "desired_status": null,
            "effective_labels": {},
            "enable_display": false,
            "guest_accelerator": [],
            "hostname": "",
            "id": "projects/gen-lang-client-0103323510/zones/us-central1-a/instances/hackerrank-prod-server",
            "instance_id": "8211884770400306386",
            "label_fingerprint": "42WmSpB8rSM=",
            "labels": null,
            "machine_type": "f1-micro",
            "metadata": null,
            "metadata_fingerprint": "Sri71nSh1s8=",
            "metadata_startup_script": "    #!/bin/bash\n    set -e\n\n    # 1. Configure lightweight 512MB Swap file as safety backup\n    if [ ! -f /swapfile ]; then\n      fallocate -l 512M /swapfile || dd if=/dev/zero of=/swapfile bs=1M count=512\n      chmod 600 /swapfile\n      mkswap /swapfile\n      swapon /swapfile\n      echo '/swapfile none swap sw 0 0' \u003e\u003e /etc/fstab\n    fi\n\n    # 2. Update packages and install official Go binary + tools\n    export HOME=/root\n    export GOPATH=/root/go\n    export GOMODCACHE=/root/go/pkg/mod\n    export PATH=/usr/local/go/bin:$PATH\n\n    sudo apt-get update -y\n    sudo apt-get install -y curl git sqlite3 tar\n\n    if [ ! -d \"/usr/local/go\" ] || ! /usr/local/go/bin/go version | grep -q \"go1.23\"; then\n      echo \"Installing official Go 1.23.0...\"\n      rm -rf /usr/local/go\n      curl -sSL https://go.dev/dl/go1.23.0.linux-amd64.tar.gz | tar -C /usr/local -xz\n    fi\n\n    # 3. Setup application directory \u0026 clone repository\n    mkdir -p /opt/hackerrank-server\n    if [ ! -d \"/opt/hackerrank-server/repo\" ]; then\n      git clone https://github.com/bit-by-bit-school/DAD.git /opt/hackerrank-server/repo\n    else\n      cd /opt/hackerrank-server/repo \u0026\u0026 git pull origin main || true\n    fi\n\n    # 4. Build Go executable binary\n    cd /opt/hackerrank-server/repo/server\n    /usr/local/go/bin/go build -o /opt/hackerrank-server/server main.go\n\n    # 5. Setup application systemd service\n    cat \u003c\u003c'SERVICE' \u003e /etc/systemd/system/hackerrank-server.service\n    [Unit]\n    Description=HackerRank Solutions Hub Golang Server\n    After=network.target\n\n    [Service]\n    Type=simple\n    User=root\n    WorkingDirectory=/opt/hackerrank-server/repo/server\n    ExecStart=/opt/hackerrank-server/server\n    Restart=always\n    RestartSec=3\n    Environment=PORT=3000\n\n    [Install]\n    WantedBy=multi-user.target\nSERVICE\n\n    systemctl daemon-reload\n    systemctl enable hackerrank-server\n    systemctl restart hackerrank-server\n\n    echo \"Golang initialization \u0026 production service deployment complete.\"\n",
            "min_cpu_platform": "",
            "name": "hackerrank-prod-server",
            "network_interface": [
              {
                "access_config": [
                  {
                    "nat_ip": "136.114.255.197",
                    "network_tier": "PREMIUM",
                    "public_ptr_domain_name": ""
                  }
                ],
                "alias_ip_range": [],
                "internal_ipv6_prefix_length": 0,
                "ipv6_access_config": [],
                "ipv6_access_type": "",
                "ipv6_address": "",
                "name": "nic0",
                "network": "https://www.googleapis.com/compute/v1/projects/gen-lang-client-0103323510/global/networks/default",
                "network_ip": "10.128.0.6",
                "nic_type": "",
                "queue_count": 0,
                "stack_type": "IPV4_ONLY",
                "subnetwork": "https://www.googleapis.com/compute/v1/projects/gen-lang-client-0103323510/regions/us-central1/subnetworks/default",
                "subnetwork_project": "gen-lang-client-0103323510"
              }
            ],
            "network_performance_config": [],
            "params": [],
            "project": "gen-lang-client-0103323510",
            "reservation_affinity": [],
            "resource_policies": null,
            "scheduling": [
              {
                "automatic_restart": true,
                "instance_termination_action": "",
                "local_ssd_recovery_timeout": [],
                "max_run_duration": [],
                "min_node_cpus": 0,
                "node_affinities": [],
                "on_host_maintenance": "MIGRATE",
                "on_instance_stop_action": [],
                "preemptible": false,
                "provisioning_model": "STANDARD"
              }
            ],
            "scratch_disk": [],
            "self_link": "https://www.googleapis.com/compute/v1/projects/gen-lang-client-0103323510/zones/us-central1-a/instances/hackerrank-prod-server",
            "service_account": [],
            "shielded_instance_config": [
              {
                "enable_integrity_monitoring": true,
                "enable_secure_boot": false,
                "enable_vtpm": true
              }
            ],
            "tags": [
              "http-server",
              "https-server",
              "nodejs-app"
            ],
            "tags_fingerprint": "imhB0pNQrkU=",
            "terraform_labels": {},
            "timeouts": null,
            "zone": "us-central1-a"
          },
          "sensitive_attributes": [
            [
              {
                "type": "get_attr",
                "value": "boot_disk"
              },
              {
                "type": "index",
                "value": {
                  "value": 0,
                  "type": "number"
                }
              },
              {
                "type": "get_attr",
                "value": "disk_encryption_key_raw"
              }
            ]
          ],
          "identity_schema_version": 0,
          "private": "eyJlMmJmYjczMC1lY2FhLTExZTYtOGY4OC0zNDM2M2JjN2M0YzAiOnsiY3JlYXRlIjoxMjAwMDAwMDAwMDAwLCJkZWxldGUiOjEyMDAwMDAwMDAwMDAsInVwZGF0ZSI6MTIwMDAwMDAwMDAwMH0sInNjaGVtYV92ZXJzaW9uIjoiNiJ9"
        }
      ]
    }
  ],
  "check_results": null
}
